lockfileVersion: '9.0'

settings:
  autoInstallPeers: true
  excludeLinksFromLockfile: false

importers:

  .:
    devDependencies:
      chrome-types:
        specifier: ^0.1.354
        version: 0.1.354
      typescript:
        specifier: ^5.4.3
        version: 5.8.3

packages:

  chrome-types@0.1.354:
    resolution: {integrity: sha512-zES+IrAhYZuwiY64OvGV0WLxlgfOa4KyJ4MpD3bsUBzwKkRzf7qROGEXZOLHceF/Bbbs+s2s9nzieh2KJgX9aA==}

  typescript@5.8.3:
    resolution: {integrity: sha512-p1diW6TqL9L07nNxvRMM7hMMw4c5XOo/1ibL4aAIGmSAt9slTE1Xgw5KWuof2uTOvCg9BY7ZRi+GaF+7sfgPeQ==}
    engines: {node: '>=14.17'}
    hasBin: true

snapshots:

  chrome-types@0.1.354: {}

  typescript@5.8.3: {}
